// !$*UTF8*$!
{
	archiveVersion = 1;
	classes = {
	};
	objectVersion = 46;
	objects = {

/* Begin PBXBuildFile section */
		D67FCB2B1368C6EB007EFE54 /* AVFoundation.framework in Frameworks */ = {isa = PBXBuildFile; fileRef = D67FCB2A1368C6EA007EFE54 /* AVFoundation.framework */; };
		D67FCB2D1368C701007EFE54 /* CoreAudio.framework in Frameworks */ = {isa = PBXBuildFile; fileRef = D67FCB2C1368C701007EFE54 /* CoreAudio.framework */; };
		D67FCB801368F447007EFE54 /* FlipsideView.xib in Resources */ = {isa = PBXBuildFile; fileRef = D67FCB7F1368F447007EFE54 /* FlipsideView.xib */; };
		D67FCB841368FFE5007EFE54 /* DetailViewController.m in Sources */ = {isa = PBXBuildFile; fileRef = D67FCB821368FFE5007EFE54 /* DetailViewController.m */; };
		D67FCB891369011D007EFE54 /* AddViewController.m in Sources */ = {isa = PBXBuildFile; fileRef = D67FCB881369011D007EFE54 /* AddViewController.m */; };
		D67FCB8D13690163007EFE54 /* EditingViewController.m in Sources */ = {isa = PBXBuildFile; fileRef = D67FCB8B13690163007EFE54 /* EditingViewController.m */; };
		D67FCC061369DD18007EFE54 /* DetailView.xib in Resources */ = {isa = PBXBuildFile; fileRef = D67FCC051369DD18007EFE54 /* DetailView.xib */; };
		D67FCC091369F526007EFE54 /* EditingView.xib in Resources */ = {isa = PBXBuildFile; fileRef = D67FCC081369F526007EFE54 /* EditingView.xib */; };
		D67FCC13136A0E0D007EFE54 /* choosePhoto.png in Resources */ = {isa = PBXBuildFile; fileRef = D67FCC12136A0E0C007EFE54 /* choosePhoto.png */; };
		D67FCC17136A0E64007EFE54 /* PhotoViewController.m in Sources */ = {isa = PBXBuildFile; fileRef = D67FCC15136A0E5E007EFE54 /* PhotoViewController.m */; };
		D67FCC18136A0E64007EFE54 /* PhotoViewController.xib in Resources */ = {isa = PBXBuildFile; fileRef = D67FCC16136A0E60007EFE54 /* PhotoViewController.xib */; };
		D683B84D136BAC4300E4AB9F /* elephant.caf in Resources */ = {isa = PBXBuildFile; fileRef = D683B84C136BAC4300E4AB9F /* elephant.caf */; };
		D683B88D136BB03A00E4AB9F /* wolf.caf in Resources */ = {isa = PBXBuildFile; fileRef = D683B851136BB03A00E4AB9F /* wolf.caf */; };
		D683B88E136BB03A00E4AB9F /* seal.caf in Resources */ = {isa = PBXBuildFile; fileRef = D683B852136BB03A00E4AB9F /* seal.caf */; };
		D683B88F136BB03A00E4AB9F /* horse.caf in Resources */ = {isa = PBXBuildFile; fileRef = D683B853136BB03A00E4AB9F /* horse.caf */; };
		D683B890136BB03A00E4AB9F /* gorilla.caf in Resources */ = {isa = PBXBuildFile; fileRef = D683B854136BB03A00E4AB9F /* gorilla.caf */; };
		D683B891136BB03A00E4AB9F /* panda.caf in Resources */ = {isa = PBXBuildFile; fileRef = D683B855136BB03A00E4AB9F /* panda.caf */; };
		D683B892136BB03A00E4AB9F /* deer.caf in Resources */ = {isa = PBXBuildFile; fileRef = D683B856136BB03A00E4AB9F /* deer.caf */; };
		D683B893136BB03A00E4AB9F /* goat.caf in Resources */ = {isa = PBXBuildFile; fileRef = D683B857136BB03A00E4AB9F /* goat.caf */; };
		D683B894136BB03A00E4AB9F /* fox.caf in Resources */ = {isa = PBXBuildFile; fileRef = D683B858136BB03A00E4AB9F /* fox.caf */; };
		D683B895136BB03A00E4AB9F /* tiger.caf in Resources */ = {isa = PBXBuildFile; fileRef = D683B859136BB03A00E4AB9F /* tiger.caf */; };
		D683B896136BB03A00E4AB9F /* dog.caf in Resources */ = {isa = PBXBuildFile; fileRef = D683B85A136BB03A00E4AB9F /* dog.caf */; };
		D683B897136BB03A00E4AB9F /* sealion.caf in Resources */ = {isa = PBXBuildFile; fileRef = D683B85B136BB03A00E4AB9F /* sealion.caf */; };
		D683B898136BB03A00E4AB9F /* buffalo.caf in Resources */ = {isa = PBXBuildFile; fileRef = D683B85C136BB03A00E4AB9F /* buffalo.caf */; };
		D683B899136BB03A00E4AB9F /* bobcat.caf in Resources */ = {isa = PBXBuildFile; fileRef = D683B85D136BB03A00E4AB9F /* bobcat.caf */; };
		D683B89A136BB03A00E4AB9F /* coyote.caf in Resources */ = {isa = PBXBuildFile; fileRef = D683B85E136BB03A00E4AB9F /* coyote.caf */; };
		D683B89B136BB03A00E4AB9F /* monkey.caf in Resources */ = {isa = PBXBuildFile; fileRef = D683B85F136BB03A00E4AB9F /* monkey.caf */; };
		D683B89C136BB03A00E4AB9F /* cougar.caf in Resources */ = {isa = PBXBuildFile; fileRef = D683B860136BB03A00E4AB9F /* cougar.caf */; };
		D683B89D136BB03A00E4AB9F /* jaquar.caf in Resources */ = {isa = PBXBuildFile; fileRef = D683B861136BB03A00E4AB9F /* jaquar.caf */; };
		D683B89E136BB03A00E4AB9F /* whale.caf in Resources */ = {isa = PBXBuildFile; fileRef = D683B862136BB03A00E4AB9F /* whale.caf */; };
		D683B89F136BB03A00E4AB9F /* cat3.caf in Resources */ = {isa = PBXBuildFile; fileRef = D683B863136BB03A00E4AB9F /* cat3.caf */; };
		D683B8A0136BB03A00E4AB9F /* cat2.caf in Resources */ = {isa = PBXBuildFile; fileRef = D683B864136BB03A00E4AB9F /* cat2.caf */; };
		D683B8A1136BB03A00E4AB9F /* cat.caf in Resources */ = {isa = PBXBuildFile; fileRef = D683B865136BB03A00E4AB9F /* cat.caf */; };
		D683B8A2136BB03A00E4AB9F /* cheetah.caf in Resources */ = {isa = PBXBuildFile; fileRef = D683B866136BB03A00E4AB9F /* cheetah.caf */; };
		D683B8A3136BB03A00E4AB9F /* cheetah-picture.jpg in Resources */ = {isa = PBXBuildFile; fileRef = D683B867136BB03A00E4AB9F /* cheetah-picture.jpg */; };
		D683B8A4136BB03A00E4AB9F /* black-bear-picture.jpg in Resources */ = {isa = PBXBuildFile; fileRef = D683B868136BB03A00E4AB9F /* black-bear-picture.jpg */; };
		D683B8A5136BB03A00E4AB9F /* lion.caf in Resources */ = {isa = PBXBuildFile; fileRef = D683B869136BB03A00E4AB9F /* lion.caf */; };
		D683B8A6136BB03A00E4AB9F /* lioncub.caf in Resources */ = {isa = PBXBuildFile; fileRef = D683B86A136BB03A00E4AB9F /* lioncub.caf */; };
		D683B8A7136BB03A00E4AB9F /* zebra.caf in Resources */ = {isa = PBXBuildFile; fileRef = D683B86B136BB03A00E4AB9F /* zebra.caf */; };
		D683B8A8136BB03A00E4AB9F /* launch.png in Resources */ = {isa = PBXBuildFile; fileRef = D683B86C136BB03A00E4AB9F /* launch.png */; };
		D683B8A9136BB03A00E4AB9F /* icon.png in Resources */ = {isa = PBXBuildFile; fileRef = D683B86D136BB03A00E4AB9F /* icon.png */; };
		D683B8AA136BB03A00E4AB9F /* icon-iphone4.png in Resources */ = {isa = PBXBuildFile; fileRef = D683B86E136BB03A00E4AB9F /* icon-iphone4.png */; };
		D683B8AB136BB03A00E4AB9F /* zebra-picture.jpg in Resources */ = {isa = PBXBuildFile; fileRef = D683B86F136BB03A00E4AB9F /* zebra-picture.jpg */; };
		D683B8AC136BB03A00E4AB9F /* whale-picture.jpg in Resources */ = {isa = PBXBuildFile; fileRef = D683B870136BB03A00E4AB9F /* whale-picture.jpg */; };
		D683B8AD136BB03A00E4AB9F /* tiger-picture.jpg in Resources */ = {isa = PBXBuildFile; fileRef = D683B871136BB03A00E4AB9F /* tiger-picture.jpg */; };
		D683B8AE136BB03A00E4AB9F /* wolf-picture.jpg in Resources */ = {isa = PBXBuildFile; fileRef = D683B872136BB03A00E4AB9F /* wolf-picture.jpg */; };
		D683B8AF136BB03A00E4AB9F /* seal-picture.jpg in Resources */ = {isa = PBXBuildFile; fileRef = D683B873136BB03A00E4AB9F /* seal-picture.jpg */; };
		D683B8B0136BB03A00E4AB9F /* sea-lion-picture.jpg in Resources */ = {isa = PBXBuildFile; fileRef = D683B874136BB03A00E4AB9F /* sea-lion-picture.jpg */; };
		D683B8B1136BB03A00E4AB9F /* rabbit-picture.jpg in Resources */ = {isa = PBXBuildFile; fileRef = D683B875136BB03A00E4AB9F /* rabbit-picture.jpg */; };
		D683B8B2136BB03A00E4AB9F /* meerkat-picture.jpg in Resources */ = {isa = PBXBuildFile; fileRef = D683B876136BB03A00E4AB9F /* meerkat-picture.jpg */; };
		D683B8B3136BB03A00E4AB9F /* polar-bear-picture.jpg in Resources */ = {isa = PBXBuildFile; fileRef = D683B877136BB03A00E4AB9F /* polar-bear-picture.jpg */; };
		D683B8B4136BB03A00E4AB9F /* otter-picture.jpg in Resources */ = {isa = PBXBuildFile; fileRef = D683B878136BB03A00E4AB9F /* otter-picture.jpg */; };
		D683B8B5136BB03A00E4AB9F /* mountain-goat-picture.jpg in Resources */ = {isa = PBXBuildFile; fileRef = D683B879136BB03A00E4AB9F /* mountain-goat-picture.jpg */; };
		D683B8B6136BB03A00E4AB9F /* monkey-picture.jpg in Resources */ = {isa = PBXBuildFile; fileRef = D683B87A136BB03A00E4AB9F /* monkey-picture.jpg */; };
		D683B8B7136BB03A00E4AB9F /* lion-picture.jpg in Resources */ = {isa = PBXBuildFile; fileRef = D683B87B136BB03A00E4AB9F /* lion-picture.jpg */; };
		D683B8B8136BB03A00E4AB9F /* gorilla-picture.jpg in Resources */ = {isa = PBXBuildFile; fileRef = D683B87C136BB03A00E4AB9F /* gorilla-picture.jpg */; };
		D683B8B9136BB03A00E4AB9F /* jaguar-picture.jpg in Resources */ = {isa = PBXBuildFile; fileRef = D683B87D136BB03A00E4AB9F /* jaguar-picture.jpg */; };
		D683B8BA136BB03A00E4AB9F /* horse-picture.jpg in Resources */ = {isa = PBXBuildFile; fileRef = D683B87E136BB03A00E4AB9F /* horse-picture.jpg */; };
		D683B8BB136BB03A00E4AB9F /* giraffe-picture.jpg in Resources */ = {isa = PBXBuildFile; fileRef = D683B87F136BB03A00E4AB9F /* giraffe-picture.jpg */; };
		D683B8BC136BB03A00E4AB9F /* giant-panda-picture.jpg in Resources */ = {isa = PBXBuildFile; fileRef = D683B880136BB03A00E4AB9F /* giant-panda-picture.jpg */; };
		D683B8BD136BB03A00E4AB9F /* fox-picture.jpg in Resources */ = {isa = PBXBuildFile; fileRef = D683B881136BB03A00E4AB9F /* fox-picture.jpg */; };
		D683B8BE136BB03A00E4AB9F /* elephant-picture.jpg in Resources */ = {isa = PBXBuildFile; fileRef = D683B882136BB03A00E4AB9F /* elephant-picture.jpg */; };
		D683B8BF136BB03A00E4AB9F /* dolphin-picture.jpg in Resources */ = {isa = PBXBuildFile; fileRef = D683B883136BB03A00E4AB9F /* dolphin-picture.jpg */; };
		D683B8C0136BB03A00E4AB9F /* deer-picture.jpg in Resources */ = {isa = PBXBuildFile; fileRef = D683B884136BB03A00E4AB9F /* deer-picture.jpg */; };
		D683B8C1136BB03A00E4AB9F /* coyote-picture.jpg in Resources */ = {isa = PBXBuildFile; fileRef = D683B885136BB03A00E4AB9F /* coyote-picture.jpg */; };
		D683B8C2136BB03A00E4AB9F /* bobcat-picture.jpg in Resources */ = {isa = PBXBuildFile; fileRef = D683B886136BB03A00E4AB9F /* bobcat-picture.jpg */; };
		D683B8C3136BB03A00E4AB9F /* african-buffalo-picture.jpg in Resources */ = {isa = PBXBuildFile; fileRef = D683B887136BB03A00E4AB9F /* african-buffalo-picture.jpg */; };
		D683B8C4136BB03A00E4AB9F /* cougar-picture.jpg in Resources */ = {isa = PBXBuildFile; fileRef = D683B888136BB03A00E4AB9F /* cougar-picture.jpg */; };
		D683B8C5136BB03A00E4AB9F /* imgLink in Resources */ = {isa = PBXBuildFile; fileRef = D683B889136BB03A00E4AB9F /* imgLink */; };
		D683B8C6136BB03A00E4AB9F /* cat.jpg in Resources */ = {isa = PBXBuildFile; fileRef = D683B88A136BB03A00E4AB9F /* cat.jpg */; };
		D683B8C7136BB03A00E4AB9F /* dog.jpg in Resources */ = {isa = PBXBuildFile; fileRef = D683B88B136BB03A00E4AB9F /* dog.jpg */; };
		D683B8C8136BB03A00E4AB9F /* cub.jpg in Resources */ = {isa = PBXBuildFile; fileRef = D683B88C136BB03A00E4AB9F /* cub.jpg */; };
		D683B8CA136BB09D00E4AB9F /* icon.png in Resources */ = {isa = PBXBuildFile; fileRef = D683B8C9136BB09D00E4AB9F /* icon.png */; };
		D683B8CC136BB10600E4AB9F /* icon-iphone4.png in Resources */ = {isa = PBXBuildFile; fileRef = D683B8CB136BB10600E4AB9F /* icon-iphone4.png */; };
		D683B8CE136BB23A00E4AB9F /* soundImageIcon-iphone-57x57.png in Resources */ = {isa = PBXBuildFile; fileRef = D683B8CD136BB23A00E4AB9F /* soundImageIcon-iphone-57x57.png */; };
		D683B8D0136BB25A00E4AB9F /* soundImageIcon-iphone-iphon4.png in Resources */ = {isa = PBXBuildFile; fileRef = D683B8CF136BB25A00E4AB9F /* soundImageIcon-iphone-iphon4.png */; };
		D683B8D2136BB50C00E4AB9F /* Default.png in Resources */ = {isa = PBXBuildFile; fileRef = D683B8D1136BB50C00E4AB9F /* Default.png */; };
		D683B8D4136BB5C200E4AB9F /* Default@2x.png in Resources */ = {isa = PBXBuildFile; fileRef = D683B8D3136BB5C200E4AB9F /* Default@2x.png */; };
		D683B8D8136BC55300E4AB9F /* bear.caf in Resources */ = {isa = PBXBuildFile; fileRef = D683B8D7136BC55300E4AB9F /* bear.caf */; };
		D683B8DA136BC60200E4AB9F /* dolphin.caf in Resources */ = {isa = PBXBuildFile; fileRef = D683B8D9136BC60200E4AB9F /* dolphin.caf */; };
		D683B8DC136BCAB300E4AB9F /* MySoundImage.sqlite in Resources */ = {isa = PBXBuildFile; fileRef = D683B8DB136BCAB300E4AB9F /* MySoundImage.sqlite */; };
		D685FF001368AB88001FCA98 /* UIKit.framework in Frameworks */ = {isa = PBXBuildFile; fileRef = D685FEFF1368AB88001FCA98 /* UIKit.framework */; };
		D685FF021368AB88001FCA98 /* Foundation.framework in Frameworks */ = {isa = PBXBuildFile; fileRef = D685FF011368AB88001FCA98 /* Foundation.framework */; };
		D685FF041368AB88001FCA98 /* CoreGraphics.framework in Frameworks */ = {isa = PBXBuildFile; fileRef = D685FF031368AB88001FCA98 /* CoreGraphics.framework */; };
		D685FF061368AB88001FCA98 /* CoreData.framework in Frameworks */ = {isa = PBXBuildFile; fileRef = D685FF051368AB88001FCA98 /* CoreData.framework */; };
		D685FF0C1368AB88001FCA98 /* InfoPlist.strings in Resources */ = {isa = PBXBuildFile; fileRef = D685FF0A1368AB88001FCA98 /* InfoPlist.strings */; };
		D685FF0F1368AB88001FCA98 /* main.m in Sources */ = {isa = PBXBuildFile; fileRef = D685FF0E1368AB88001FCA98 /* main.m */; };
		D685FF121368AB88001FCA98 /* MySoundImageAppDelegate.m in Sources */ = {isa = PBXBuildFile; fileRef = D685FF111368AB88001FCA98 /* MySoundImageAppDelegate.m */; };
		D685FF151368AB88001FCA98 /* MySoundImage.xcdatamodeld in Sources */ = {isa = PBXBuildFile; fileRef = D685FF131368AB88001FCA98 /* MySoundImage.xcdatamodeld */; };
		D685FF181368AB88001FCA98 /* MainWindow.xib in Resources */ = {isa = PBXBuildFile; fileRef = D685FF161368AB88001FCA98 /* MainWindow.xib */; };
		D685FF1B1368AB88001FCA98 /* MainViewController.m in Sources */ = {isa = PBXBuildFile; fileRef = D685FF1A1368AB88001FCA98 /* MainViewController.m */; };
		D685FF1D1368AB88001FCA98 /* MainView.xib in Resources */ = {isa = PBXBuildFile; fileRef = D685FF1C1368AB88001FCA98 /* MainView.xib */; };
		D685FF201368AB88001FCA98 /* FlipsideViewController.m in Sources */ = {isa = PBXBuildFile; fileRef = D685FF1F1368AB88001FCA98 /* FlipsideViewController.m */; };
		D685FF2B1368AB9A001FCA98 /* MainWindow-iPad.xib in Resources */ = {isa = PBXBuildFile; fileRef = D685FF291368AB9A001FCA98 /* MainWindow-iPad.xib */; };
		D685FF2E1368AC6D001FCA98 /* Category.m in Sources */ = {isa = PBXBuildFile; fileRef = D685FF2D1368AC6D001FCA98 /* Category.m */; };
		D685FF311368AC86001FCA98 /* SoundImage.m in Sources */ = {isa = PBXBuildFile; fileRef = D685FF301368AC86001FCA98 /* SoundImage.m */; };
		D6FF05EE136B3A380083C324 /* FlipsideNavViewController.m in Sources */ = {isa = PBXBuildFile; fileRef = D6FF05EC136B3A380083C324 /* FlipsideNavViewController.m */; };
		D6FF05EF136B3A380083C324 /* FlipsideNavView.xib in Resources */ = {isa = PBXBuildFile; fileRef = D6FF05ED136B3A380083C324 /* FlipsideNavView.xib */; };
/* End PBXBuildFile section */

/* Begin PBXFileReference section */
		D67FCB2A1368C6EA007EFE54 /* AVFoundation.framework */ = {isa = PBXFileReference; lastKnownFileType = wrapper.framework; name = AVFoundation.framework; path = System/Library/Frameworks/AVFoundation.framework; sourceTree = SDKROOT; };
		D67FCB2C1368C701007EFE54 /* CoreAudio.framework */ = {isa = PBXFileReference; lastKnownFileType = wrapper.framework; name = CoreAudio.framework; path = System/Library/Frameworks/CoreAudio.framework; sourceTree = SDKROOT; };
		D67FCB7F1368F447007EFE54 /* FlipsideView.xib */ = {isa = PBXFileReference; fileEncoding = 4; lastKnownFileType = file.xib; path = FlipsideView.xib; sourceTree = "<group>"; };
		D67FCB811368FFE5007EFE54 /* DetailViewController.h */ = {isa = PBXFileReference; fileEncoding = 4; lastKnownFileType = sourcecode.c.h; path = DetailViewController.h; sourceTree = "<group>"; };
		D67FCB821368FFE5007EFE54 /* DetailViewController.m */ = {isa = PBXFileReference; fileEncoding = 4; lastKnownFileType = sourcecode.c.objc; path = DetailViewController.m; sourceTree = "<group>"; };
		D67FCB871369011D007EFE54 /* AddViewController.h */ = {isa = PBXFileReference; fileEncoding = 4; lastKnownFileType = sourcecode.c.h; path = AddViewController.h; sourceTree = "<group>"; };
		D67FCB881369011D007EFE54 /* AddViewController.m */ = {isa = PBXFileReference; fileEncoding = 4; lastKnownFileType = sourcecode.c.objc; path = AddViewController.m; sourceTree = "<group>"; };
		D67FCB8A13690163007EFE54 /* EditingViewController.h */ = {isa = PBXFileReference; fileEncoding = 4; lastKnownFileType = sourcecode.c.h; path = EditingViewController.h; sourceTree = "<group>"; };
		D67FCB8B13690163007EFE54 /* EditingViewController.m */ = {isa = PBXFileReference; fileEncoding = 4; lastKnownFileType = sourcecode.c.objc; path = EditingViewController.m; sourceTree = "<group>"; };
		D67FCC051369DD18007EFE54 /* DetailView.xib */ = {isa = PBXFileReference; fileEncoding = 4; lastKnownFileType = file.xib; path = DetailView.xib; sourceTree = "<group>"; };
		D67FCC081369F526007EFE54 /* EditingView.xib */ = {isa = PBXFileReference; fileEncoding = 4; lastKnownFileType = file.xib; path = EditingView.xib; sourceTree = "<group>"; };
		D67FCC12136A0E0C007EFE54 /* choosePhoto.png */ = {isa = PBXFileReference; lastKnownFileType = image.png; path = choosePhoto.png; sourceTree = "<group>"; };
		D67FCC14136A0E5C007EFE54 /* PhotoViewController.h */ = {isa = PBXFileReference; fileEncoding = 4; lastKnownFileType = sourcecode.c.h; path = PhotoViewController.h; sourceTree = "<group>"; };
		D67FCC15136A0E5E007EFE54 /* PhotoViewController.m */ = {isa = PBXFileReference; fileEncoding = 4; lastKnownFileType = sourcecode.c.objc; path = PhotoViewController.m; sourceTree = "<group>"; };
		D67FCC16136A0E60007EFE54 /* PhotoViewController.xib */ = {isa = PBXFileReference; fileEncoding = 4; lastKnownFileType = file.xib; path = PhotoViewController.xib; sourceTree = "<group>"; };
		D683B84C136BAC4300E4AB9F /* elephant.caf */ = {isa = PBXFileReference; lastKnownFileType = file; name = elephant.caf; path = ../elephant.caf; sourceTree = "<group>"; };
		D683B851136BB03A00E4AB9F /* wolf.caf */ = {isa = PBXFileReference; lastKnownFileType = file; name = wolf.caf; path = ../../../../Music/sounds/wolf.caf; sourceTree = "<group>"; };
		D683B852136BB03A00E4AB9F /* seal.caf */ = {isa = PBXFileReference; lastKnownFileType = file; name = seal.caf; path = ../../../../Music/sounds/seal.caf; sourceTree = "<group>"; };
		D683B853136BB03A00E4AB9F /* horse.caf */ = {isa = PBXFileReference; lastKnownFileType = file; name = horse.caf; path = ../../../../Music/sounds/horse.caf; sourceTree = "<group>"; };
		D683B854136BB03A00E4AB9F /* gorilla.caf */ = {isa = PBXFileReference; lastKnownFileType = file; name = gorilla.caf; path = ../../../../Music/sounds/gorilla.caf; sourceTree = "<group>"; };
		D683B855136BB03A00E4AB9F /* panda.caf */ = {isa = PBXFileReference; lastKnownFileType = file; name = panda.caf; path = ../../../../Music/sounds/panda.caf; sourceTree = "<group>"; };
		D683B856136BB03A00E4AB9F /* deer.caf */ = {isa = PBXFileReference; lastKnownFileType = file; name = deer.caf; path = ../../../../Music/sounds/deer.caf; sourceTree = "<group>"; };
		D683B857136BB03A00E4AB9F /* goat.caf */ = {isa = PBXFileReference; lastKnownFileType = file; name = goat.caf; path = ../../../../Music/sounds/goat.caf; sourceTree = "<group>"; };
		D683B858136BB03A00E4AB9F /* fox.caf */ = {isa = PBXFileReference; lastKnownFileType = file; name = fox.caf; path = ../../../../Music/sounds/fox.caf; sourceTree = "<group>"; };
		D683B859136BB03A00E4AB9F /* tiger.caf */ = {isa = PBXFileReference; lastKnownFileType = file; name = tiger.caf; path = ../../../../Music/sounds/tiger.caf; sourceTree = "<group>"; };
		D683B85A136BB03A00E4AB9F /* dog.caf */ = {isa = PBXFileReference; lastKnownFileType = file; name = dog.caf; path = ../../../../Music/sounds/dog.caf; sourceTree = "<group>"; };
		D683B85B136BB03A00E4AB9F /* sealion.caf */ = {isa = PBXFileReference; lastKnownFileType = file; name = sealion.caf; path = ../../../../Music/sounds/sealion.caf; sourceTree = "<group>"; };
		D683B85C136BB03A00E4AB9F /* buffalo.caf */ = {isa = PBXFileReference; lastKnownFileType = file; name = buffalo.caf; path = ../../../../Music/sounds/buffalo.caf; sourceTree = "<group>"; };
		D683B85D136BB03A00E4AB9F /* bobcat.caf */ = {isa = PBXFileReference; lastKnownFileType = file; name = bobcat.caf; path = ../../../../Music/sounds/bobcat.caf; sourceTree = "<group>"; };
		D683B85E136BB03A00E4AB9F /* coyote.caf */ = {isa = PBXFileReference; lastKnownFileType = file; name = coyote.caf; path = ../../../../Music/sounds/coyote.caf; sourceTree = "<group>"; };
		D683B85F136BB03A00E4AB9F /* monkey.caf */ = {isa = PBXFileReference; lastKnownFileType = file; name = monkey.caf; path = ../../../../Music/sounds/monkey.caf; sourceTree = "<group>"; };
		D683B860136BB03A00E4AB9F /* cougar.caf */ = {isa = PBXFileReference; lastKnownFileType = file; name = cougar.caf; path = ../../../../Music/sounds/cougar.caf; sourceTree = "<group>"; };
		D683B861136BB03A00E4AB9F /* jaquar.caf */ = {isa = PBXFileReference; lastKnownFileType = file; name = jaquar.caf; path = ../../../../Music/sounds/jaquar.caf; sourceTree = "<group>"; };
		D683B862136BB03A00E4AB9F /* whale.caf */ = {isa = PBXFileReference; lastKnownFileType = file; name = whale.caf; path = ../../../../Music/sounds/whale.caf; sourceTree = "<group>"; };
		D683B863136BB03A00E4AB9F /* cat3.caf */ = {isa = PBXFileReference; lastKnownFileType = file; name = cat3.caf; path = ../../../../Music/sounds/cat3.caf; sourceTree = "<group>"; };
		D683B864136BB03A00E4AB9F /* cat2.caf */ = {isa = PBXFileReference; lastKnownFileType = file; name = cat2.caf; path = ../../../../Music/sounds/cat2.caf; sourceTree = "<group>"; };
		D683B865136BB03A00E4AB9F /* cat.caf */ = {isa = PBXFileReference; lastKnownFileType = file; name = cat.caf; path = ../../../../Music/sounds/cat.caf; sourceTree = "<group>"; };
		D683B866136BB03A00E4AB9F /* cheetah.caf */ = {isa = PBXFileReference; lastKnownFileType = file; name = cheetah.caf; path = ../../../../Music/sounds/cheetah.caf; sourceTree = "<group>"; };
		D683B867136BB03A00E4AB9F /* cheetah-picture.jpg */ = {isa = PBXFileReference; lastKnownFileType = image.jpeg; name = "cheetah-picture.jpg"; path = "../../../../Music/sounds/cheetah-picture.jpg"; sourceTree = "<group>"; };
		D683B868136BB03A00E4AB9F /* black-bear-picture.jpg */ = {isa = PBXFileReference; lastKnownFileType = image.jpeg; name = "black-bear-picture.jpg"; path = "../../../../Music/sounds/black-bear-picture.jpg"; sourceTree = "<group>"; };
		D683B869136BB03A00E4AB9F /* lion.caf */ = {isa = PBXFileReference; lastKnownFileType = file; name = lion.caf; path = ../../../../Music/sounds/lion.caf; sourceTree = "<group>"; };
		D683B86A136BB03A00E4AB9F /* lioncub.caf */ = {isa = PBXFileReference; lastKnownFileType = file; name = lioncub.caf; path = ../../../../Music/sounds/lioncub.caf; sourceTree = "<group>"; };
		D683B86B136BB03A00E4AB9F /* zebra.caf */ = {isa = PBXFileReference; lastKnownFileType = file; name = zebra.caf; path = ../../../../Music/sounds/zebra.caf; sourceTree = "<group>"; };
		D683B86C136BB03A00E4AB9F /* launch.png */ = {isa = PBXFileReference; lastKnownFileType = image.png; name = launch.png; path = ../../../../Music/sounds/launch.png; sourceTree = "<group>"; };
		D683B86D136BB03A00E4AB9F /* icon.png */ = {isa = PBXFileReference; lastKnownFileType = image.png; name = icon.png; path = ../../../../Music/sounds/icon.png; sourceTree = "<group>"; };
		D683B86E136BB03A00E4AB9F /* icon-iphone4.png */ = {isa = PBXFileReference; lastKnownFileType = image.png; name = "icon-iphone4.png"; path = "../../../../Music/sounds/icon-iphone4.png"; sourceTree = "<group>"; };
		D683B86F136BB03A00E4AB9F /* zebra-picture.jpg */ = {isa = PBXFileReference; lastKnownFileType = image.jpeg; name = "zebra-picture.jpg"; path = "../../../../Music/sounds/zebra-picture.jpg"; sourceTree = "<group>"; };
		D683B870136BB03A00E4AB9F /* whale-picture.jpg */ = {isa = PBXFileReference; lastKnownFileType = image.jpeg; name = "whale-picture.jpg"; path = "../../../../Music/sounds/whale-picture.jpg"; sourceTree = "<group>"; };
		D683B871136BB03A00E4AB9F /* tiger-picture.jpg */ = {isa = PBXFileReference; lastKnownFileType = image.jpeg; name = "tiger-picture.jpg"; path = "../../../../Music/sounds/tiger-picture.jpg"; sourceTree = "<group>"; };
		D683B872136BB03A00E4AB9F /* wolf-picture.jpg */ = {isa = PBXFileReference; lastKnownFileType = image.jpeg; name = "wolf-picture.jpg"; path = "../../../../Music/sounds/wolf-picture.jpg"; sourceTree = "<group>"; };
		D683B873136BB03A00E4AB9F /* seal-picture.jpg */ = {isa = PBXFileReference; lastKnownFileType = image.jpeg; name = "seal-picture.jpg"; path = "../../../../Music/sounds/seal-picture.jpg"; sourceTree = "<group>"; };
		D683B874136BB03A00E4AB9F /* sea-lion-picture.jpg */ = {isa = PBXFileReference; lastKnownFileType = image.jpeg; name = "sea-lion-picture.jpg"; path = "../../../../Music/sounds/sea-lion-picture.jpg"; sourceTree = "<group>"; };
		D683B875136BB03A00E4AB9F /* rabbit-picture.jpg */ = {isa = PBXFileReference; lastKnownFileType = image.jpeg; name = "rabbit-picture.jpg"; path = "../../../../Music/sounds/rabbit-picture.jpg"; sourceTree = "<group>"; };
		D683B876136BB03A00E4AB9F /* meerkat-picture.jpg */ = {isa = PBXFileReference; lastKnownFileType = image.jpeg; name = "meerkat-picture.jpg"; path = "../../../../Music/sounds/meerkat-picture.jpg"; sourceTree = "<group>"; };
		D683B877136BB03A00E4AB9F /* polar-bear-picture.jpg */ = {isa = PBXFileReference; lastKnownFileType = image.jpeg; name = "polar-bear-picture.jpg"; path = "../../../../Music/sounds/polar-bear-picture.jpg"; sourceTree = "<group>"; };
		D683B878136BB03A00E4AB9F /* otter-picture.jpg */ = {isa = PBXFileReference; lastKnownFileType = image.jpeg; name = "otter-picture.jpg"; path = "../../../../Music/sounds/otter-picture.jpg"; sourceTree = "<group>"; };
		D683B879136BB03A00E4AB9F /* mountain-goat-picture.jpg */ = {isa = PBXFileReference; lastKnownFileType = image.jpeg; name = "mountain-goat-picture.jpg"; path = "../../../../Music/sounds/mountain-goat-picture.jpg"; sourceTree = "<group>"; };
		D683B87A136BB03A00E4AB9F /* monkey-picture.jpg */ = {isa = PBXFileReference; lastKnownFileType = image.jpeg; name = "monkey-picture.jpg"; path = "../../../../Music/sounds/monkey-picture.jpg"; sourceTree = "<group>"; };
		D683B87B136BB03A00E4AB9F /* lion-picture.jpg */ = {isa = PBXFileReference; lastKnownFileType = image.jpeg; name = "lion-picture.jpg"; path = "../../../../Music/sounds/lion-picture.jpg"; sourceTree = "<group>"; };
		D683B87C136BB03A00E4AB9F /* gorilla-picture.jpg */ = {isa = PBXFileReference; lastKnownFileType = image.jpeg; name = "gorilla-picture.jpg"; path = "../../../../Music/sounds/gorilla-picture.jpg"; sourceTree = "<group>"; };
		D683B87D136BB03A00E4AB9F /* jaguar-picture.jpg */ = {isa = PBXFileReference; lastKnownFileType = image.jpeg; name = "jaguar-picture.jpg"; path = "../../../../Music/sounds/jaguar-picture.jpg"; sourceTree = "<group>"; };
		D683B87E136BB03A00E4AB9F /* horse-picture.jpg */ = {isa = PBXFileReference; lastKnownFileType = image.jpeg; name = "horse-picture.jpg"; path = "../../../../Music/sounds/horse-picture.jpg"; sourceTree = "<group>"; };
		D683B87F136BB03A00E4AB9F /* giraffe-picture.jpg */ = {isa = PBXFileReference; lastKnownFileType = image.jpeg; name = "giraffe-picture.jpg"; path = "../../../../Music/sounds/giraffe-picture.jpg"; sourceTree = "<group>"; };
		D683B880136BB03A00E4AB9F /* giant-panda-picture.jpg */ = {isa = PBXFileReference; lastKnownFileType = image.jpeg; name = "giant-panda-picture.jpg"; path = "../../../../Music/sounds/giant-panda-picture.jpg"; sourceTree = "<group>"; };
		D683B881136BB03A00E4AB9F /* fox-picture.jpg */ = {isa = PBXFileReference; lastKnownFileType = image.jpeg; name = "fox-picture.jpg"; path = "../../../../Music/sounds/fox-picture.jpg"; sourceTree = "<group>"; };
		D683B882136BB03A00E4AB9F /* elephant-picture.jpg */ = {isa = PBXFileReference; lastKnownFileType = image.jpeg; name = "elephant-picture.jpg"; path = "../../../../Music/sounds/elephant-picture.jpg"; sourceTree = "<group>"; };
		D683B883136BB03A00E4AB9F /* dolphin-picture.jpg */ = {isa = PBXFileReference; lastKnownFileType = image.jpeg; name = "dolphin-picture.jpg"; path = "../../../../Music/sounds/dolphin-picture.jpg"; sourceTree = "<group>"; };
		D683B884136BB03A00E4AB9F /* deer-picture.jpg */ = {isa = PBXFileReference; lastKnownFileType = image.jpeg; name = "deer-picture.jpg"; path = "../../../../Music/sounds/deer-picture.jpg"; sourceTree = "<group>"; };
		D683B885136BB03A00E4AB9F /* coyote-picture.jpg */ = {isa = PBXFileReference; lastKnownFileType = image.jpeg; name = "coyote-picture.jpg"; path = "../../../../Music/sounds/coyote-picture.jpg"; sourceTree = "<group>"; };
		D683B886136BB03A00E4AB9F /* bobcat-picture.jpg */ = {isa = PBXFileReference; lastKnownFileType = image.jpeg; name = "bobcat-picture.jpg"; path = "../../../../Music/sounds/bobcat-picture.jpg"; sourceTree = "<group>"; };
		D683B887136BB03A00E4AB9F /* african-buffalo-picture.jpg */ = {isa = PBXFileReference; lastKnownFileType = image.jpeg; name = "african-buffalo-picture.jpg"; path = "../../../../Music/sounds/african-buffalo-picture.jpg"; sourceTree = "<group>"; };
		D683B888136BB03A00E4AB9F /* cougar-picture.jpg */ = {isa = PBXFileReference; lastKnownFileType = image.jpeg; name = "cougar-picture.jpg"; path = "../../../../Music/sounds/cougar-picture.jpg"; sourceTree = "<group>"; };
		D683B889136BB03A00E4AB9F /* imgLink */ = {isa = PBXFileReference; fileEncoding = 4; lastKnownFileType = text; name = imgLink; path = ../../../../Music/sounds/imgLink; sourceTree = "<group>"; };
		D683B88A136BB03A00E4AB9F /* cat.jpg */ = {isa = PBXFileReference; lastKnownFileType = image.jpeg; name = cat.jpg; path = ../../../../Music/sounds/cat.jpg; sourceTree = "<group>"; };
		D683B88B136BB03A00E4AB9F /* dog.jpg */ = {isa = PBXFileReference; lastKnownFileType = image.jpeg; name = dog.jpg; path = ../../../../Music/sounds/dog.jpg; sourceTree = "<group>"; };
		D683B88C136BB03A00E4AB9F /* cub.jpg */ = {isa = PBXFileReference; lastKnownFileType = image.jpeg; name = cub.jpg; path = ../../../../Music/sounds/cub.jpg; sourceTree = "<group>"; };
		D683B8C9136BB09D00E4AB9F /* icon.png */ = {isa = PBXFileReference; lastKnownFileType = image.png; name = icon.png; path = ../icon.png; sourceTree = "<group>"; };
		D683B8CB136BB10600E4AB9F /* icon-iphone4.png */ = {isa = PBXFileReference; lastKnownFileType = image.png; name = "icon-iphone4.png"; path = "../icon-iphone4.png"; sourceTree = "<group>"; };
		D683B8CD136BB23A00E4AB9F /* soundImageIcon-iphone-57x57.png */ = {isa = PBXFileReference; lastKnownFileType = image.png; name = "soundImageIcon-iphone-57x57.png"; path = "../soundImageIcon-iphone-57x57.png"; sourceTree = "<group>"; };
		D683B8CF136BB25A00E4AB9F /* soundImageIcon-iphone-iphon4.png */ = {isa = PBXFileReference; lastKnownFileType = image.png; name = "soundImageIcon-iphone-iphon4.png"; path = "../soundImageIcon-iphone-iphon4.png"; sourceTree = "<group>"; };
		D683B8D1136BB50C00E4AB9F /* Default.png */ = {isa = PBXFileReference; lastKnownFileType = image.png; name = Default.png; path = ../Default.png; sourceTree = "<group>"; };
		D683B8D3136BB5C200E4AB9F /* Default@2x.png */ = {isa = PBXFileReference; lastKnownFileType = image.png; name = "Default@2x.png"; path = "../Default@2x.png"; sourceTree = "<group>"; };
		D683B8D7136BC55300E4AB9F /* bear.caf */ = {isa = PBXFileReference; lastKnownFileType = file; path = bear.caf; sourceTree = "<group>"; };
		D683B8D9136BC60200E4AB9F /* dolphin.caf */ = {isa = PBXFileReference; lastKnownFileType = file; path = dolphin.caf; sourceTree = "<group>"; };
		D683B8DB136BCAB300E4AB9F /* MySoundImage.sqlite */ = {isa = PBXFileReference; lastKnownFileType = file; path = MySoundImage.sqlite; sourceTree = "<group>"; };
		D685FEFB1368AB88001FCA98 /* MySoundImage.app */ = {isa = PBXFileReference; explicitFileType = wrapper.application; includeInIndex = 0; path = MySoundImage.app; sourceTree = BUILT_PRODUCTS_DIR; };
		D685FEFF1368AB88001FCA98 /* UIKit.framework */ = {isa = PBXFileReference; lastKnownFileType = wrapper.framework; name = UIKit.framework; path = System/Library/Frameworks/UIKit.framework; sourceTree = SDKROOT; };
		D685FF011368AB88001FCA98 /* Foundation.framework */ = {isa = PBXFileReference; lastKnownFileType = wrapper.framework; name = Foundation.framework; path = System/Library/Frameworks/Foundation.framework; sourceTree = SDKROOT; };
		D685FF031368AB88001FCA98 /* CoreGraphics.framework */ = {isa = PBXFileReference; lastKnownFileType = wrapper.framework; name = CoreGraphics.framework; path = System/Library/Frameworks/CoreGraphics.framework; sourceTree = SDKROOT; };
		D685FF051368AB88001FCA98 /* CoreData.framework */ = {isa = PBXFileReference; lastKnownFileType = wrapper.framework; name = CoreData.framework; path = System/Library/Frameworks/CoreData.framework; sourceTree = SDKROOT; };
		D685FF091368AB88001FCA98 /* MySoundImage-Info.plist */ = {isa = PBXFileReference; lastKnownFileType = text.plist.xml; path = "MySoundImage-Info.plist"; sourceTree = "<group>"; };
		D685FF0B1368AB88001FCA98 /* en */ = {isa = PBXFileReference; lastKnownFileType = text.plist.strings; name = en; path = en.lproj/InfoPlist.strings; sourceTree = "<group>"; };
		D685FF0D1368AB88001FCA98 /* MySoundImage-Prefix.pch */ = {isa = PBXFileReference; lastKnownFileType = sourcecode.c.h; path = "MySoundImage-Prefix.pch"; sourceTree = "<group>"; };
		D685FF0E1368AB88001FCA98 /* main.m */ = {isa = PBXFileReference; lastKnownFileType = sourcecode.c.objc; path = main.m; sourceTree = "<group>"; };
		D685FF101368AB88001FCA98 /* MySoundImageAppDelegate.h */ = {isa = PBXFileReference; lastKnownFileType = sourcecode.c.h; path = MySoundImageAppDelegate.h; sourceTree = "<group>"; };
		D685FF111368AB88001FCA98 /* MySoundImageAppDelegate.m */ = {isa = PBXFileReference; lastKnownFileType = sourcecode.c.objc; path = MySoundImageAppDelegate.m; sourceTree = "<group>"; };
		D685FF141368AB88001FCA98 /* MySoundImage.xcdatamodel */ = {isa = PBXFileReference; lastKnownFileType = wrapper.xcdatamodel; path = MySoundImage.xcdatamodel; sourceTree = "<group>"; };
		D685FF171368AB88001FCA98 /* en */ = {isa = PBXFileReference; lastKnownFileType = file.xib; name = en; path = en.lproj/MainWindow.xib; sourceTree = "<group>"; };
		D685FF191368AB88001FCA98 /* MainViewController.h */ = {isa = PBXFileReference; lastKnownFileType = sourcecode.c.h; path = MainViewController.h; sourceTree = "<group>"; };
		D685FF1A1368AB88001FCA98 /* MainViewController.m */ = {isa = PBXFileReference; lastKnownFileType = sourcecode.c.objc; path = MainViewController.m; sourceTree = "<group>"; };
		D685FF1C1368AB88001FCA98 /* MainView.xib */ = {isa = PBXFileReference; lastKnownFileType = file.xib; path = MainView.xib; sourceTree = "<group>"; };
		D685FF1E1368AB88001FCA98 /* FlipsideViewController.h */ = {isa = PBXFileReference; lastKnownFileType = sourcecode.c.h; path = FlipsideViewController.h; sourceTree = "<group>"; };
		D685FF1F1368AB88001FCA98 /* FlipsideViewController.m */ = {isa = PBXFileReference; lastKnownFileType = sourcecode.c.objc; path = FlipsideViewController.m; sourceTree = "<group>"; };
		D685FF2A1368AB9A001FCA98 /* en */ = {isa = PBXFileReference; lastKnownFileType = file.xib; name = en; path = "iPad/en.lproj/MainWindow-iPad.xib"; sourceTree = "<group>"; };
		D685FF2C1368AC6D001FCA98 /* Category.h */ = {isa = PBXFileReference; fileEncoding = 4; lastKnownFileType = sourcecode.c.h; path = Category.h; sourceTree = "<group>"; };
		D685FF2D1368AC6D001FCA98 /* Category.m */ = {isa = PBXFileReference; fileEncoding = 4; lastKnownFileType = sourcecode.c.objc; path = Category.m; sourceTree = "<group>"; };
		D685FF2F1368AC86001FCA98 /* SoundImage.h */ = {isa = PBXFileReference; fileEncoding = 4; lastKnownFileType = sourcecode.c.h; path = SoundImage.h; sourceTree = "<group>"; };
		D685FF301368AC86001FCA98 /* SoundImage.m */ = {isa = PBXFileReference; fileEncoding = 4; lastKnownFileType = sourcecode.c.objc; path = SoundImage.m; sourceTree = "<group>"; };
		D6FF05EB136B3A380083C324 /* FlipsideNavViewController.h */ = {isa = PBXFileReference; fileEncoding = 4; lastKnownFileType = sourcecode.c.h; path = FlipsideNavViewController.h; sourceTree = "<group>"; };
		D6FF05EC136B3A380083C324 /* FlipsideNavViewController.m */ = {isa = PBXFileReference; fileEncoding = 4; lastKnownFileType = sourcecode.c.objc; path = FlipsideNavViewController.m; sourceTree = "<group>"; };
		D6FF05ED136B3A380083C324 /* FlipsideNavView.xib */ = {isa = PBXFileReference; fileEncoding = 4; lastKnownFileType = file.xib; path = FlipsideNavView.xib; sourceTree = "<group>"; };
/* End PBXFileReference section */

/* Begin PBXFrameworksBuildPhase section */
		D685FEF81368AB88001FCA98 /* Frameworks */ = {
			isa = PBXFrameworksBuildPhase;
			buildActionMask = 2147483647;
			files = (
				D67FCB2D1368C701007EFE54 /* CoreAudio.framework in Frameworks */,
				D67FCB2B1368C6EB007EFE54 /* AVFoundation.framework in Frameworks */,
				D685FF001368AB88001FCA98 /* UIKit.framework in Frameworks */,
				D685FF021368AB88001FCA98 /* Foundation.framework in Frameworks */,
				D685FF041368AB88001FCA98 /* CoreGraphics.framework in Frameworks */,
				D685FF061368AB88001FCA98 /* CoreData.framework in Frameworks */,
			);
			runOnlyForDeploymentPostprocessing = 0;
		};
/* End PBXFrameworksBuildPhase section */

/* Begin PBXGroup section */
		D67FCB341368E2D9007EFE54 /* FlipsideView */ = {
			isa = PBXGroup;
			children = (
				D6FF05EB136B3A380083C324 /* FlipsideNavViewController.h */,
				D6FF05EC136B3A380083C324 /* FlipsideNavViewController.m */,
				D6FF05ED136B3A380083C324 /* FlipsideNavView.xib */,
				D67FCB7F1368F447007EFE54 /* FlipsideView.xib */,
				D685FF1E1368AB88001FCA98 /* FlipsideViewController.h */,
				D685FF1F1368AB88001FCA98 /* FlipsideViewController.m */,
			);
			name = FlipsideView;
			sourceTree = "<group>";
		};
		D67FCB451368EC65007EFE54 /* AddView */ = {
			isa = PBXGroup;
			children = (
				D67FCB871369011D007EFE54 /* AddViewController.h */,
				D67FCB881369011D007EFE54 /* AddViewController.m */,
			);
			name = AddView;
			sourceTree = "<group>";
		};
		D67FCB461368EC77007EFE54 /* EditView */ = {
			isa = PBXGroup;
			children = (
				D67FCC081369F526007EFE54 /* EditingView.xib */,
				D67FCB8A13690163007EFE54 /* EditingViewController.h */,
				D67FCB8B13690163007EFE54 /* EditingViewController.m */,
			);
			name = EditView;
			sourceTree = "<group>";
		};
		D67FCB861368FFF3007EFE54 /* DetailView */ = {
			isa = PBXGroup;
			children = (
				D67FCB811368FFE5007EFE54 /* DetailViewController.h */,
				D67FCB821368FFE5007EFE54 /* DetailViewController.m */,
				D67FCC051369DD18007EFE54 /* DetailView.xib */,
			);
			name = DetailView;
			sourceTree = "<group>";
		};
		D67FCC19136A0E7E007EFE54 /* PhotoView */ = {
			isa = PBXGroup;
			children = (
				D67FCC14136A0E5C007EFE54 /* PhotoViewController.h */,
				D67FCC15136A0E5E007EFE54 /* PhotoViewController.m */,
				D67FCC16136A0E60007EFE54 /* PhotoViewController.xib */,
			);
			name = PhotoView;
			sourceTree = "<group>";
		};
		D685FEF01368AB88001FCA98 = {
			isa = PBXGroup;
			children = (
				D685FF071368AB88001FCA98 /* MySoundImage */,
				D685FEFE1368AB88001FCA98 /* Frameworks */,
				D685FEFC1368AB88001FCA98 /* Products */,
			);
			sourceTree = "<group>";
		};
		D685FEFC1368AB88001FCA98 /* Products */ = {
			isa = PBXGroup;
			children = (
				D685FEFB1368AB88001FCA98 /* MySoundImage.app */,
			);
			name = Products;
			sourceTree = "<group>";
		};
		D685FEFE1368AB88001FCA98 /* Frameworks */ = {
			isa = PBXGroup;
			children = (
				D67FCB2C1368C701007EFE54 /* CoreAudio.framework */,
				D67FCB2A1368C6EA007EFE54 /* AVFoundation.framework */,
				D685FEFF1368AB88001FCA98 /* UIKit.framework */,
				D685FF011368AB88001FCA98 /* Foundation.framework */,
				D685FF031368AB88001FCA98 /* CoreGraphics.framework */,
				D685FF051368AB88001FCA98 /* CoreData.framework */,
			);
			name = Frameworks;
			sourceTree = "<group>";
		};
		D685FF071368AB88001FCA98 /* MySoundImage */ = {
			isa = PBXGroup;
			children = (
				D67FCC19136A0E7E007EFE54 /* PhotoView */,
				D67FCB861368FFF3007EFE54 /* DetailView */,
				D67FCB461368EC77007EFE54 /* EditView */,
				D67FCB451368EC65007EFE54 /* AddView */,
				D67FCB341368E2D9007EFE54 /* FlipsideView */,
				D685FF341368AF76001FCA98 /* MainWindows */,
				D685FF331368AF4F001FCA98 /* MainViews */,
				D685FF321368AC8F001FCA98 /* Data and Model */,
				D685FF281368AB98001FCA98 /* iPad */,
				D685FF081368AB88001FCA98 /* Supporting Files */,
			);
			path = MySoundImage;
			sourceTree = "<group>";
		};
		D685FF081368AB88001FCA98 /* Supporting Files */ = {
			isa = PBXGroup;
			children = (
				D683B8D3136BB5C200E4AB9F /* Default@2x.png */,
				D683B8DB136BCAB300E4AB9F /* MySoundImage.sqlite */,
				D683B8D1136BB50C00E4AB9F /* Default.png */,
				D683B8CF136BB25A00E4AB9F /* soundImageIcon-iphone-iphon4.png */,
				D683B8CD136BB23A00E4AB9F /* soundImageIcon-iphone-57x57.png */,
				D683B8CB136BB10600E4AB9F /* icon-iphone4.png */,
				D683B8C9136BB09D00E4AB9F /* icon.png */,
				D683B8D7136BC55300E4AB9F /* bear.caf */,
				D683B851136BB03A00E4AB9F /* wolf.caf */,
				D683B852136BB03A00E4AB9F /* seal.caf */,
				D683B853136BB03A00E4AB9F /* horse.caf */,
				D683B854136BB03A00E4AB9F /* gorilla.caf */,
				D683B855136BB03A00E4AB9F /* panda.caf */,
				D683B856136BB03A00E4AB9F /* deer.caf */,
				D683B857136BB03A00E4AB9F /* goat.caf */,
				D683B858136BB03A00E4AB9F /* fox.caf */,
				D683B859136BB03A00E4AB9F /* tiger.caf */,
				D683B85A136BB03A00E4AB9F /* dog.caf */,
				D683B85B136BB03A00E4AB9F /* sealion.caf */,
				D683B85C136BB03A00E4AB9F /* buffalo.caf */,
				D683B85D136BB03A00E4AB9F /* bobcat.caf */,
				D683B85E136BB03A00E4AB9F /* coyote.caf */,
				D683B85F136BB03A00E4AB9F /* monkey.caf */,
				D683B860136BB03A00E4AB9F /* cougar.caf */,
				D683B861136BB03A00E4AB9F /* jaquar.caf */,
				D683B862136BB03A00E4AB9F /* whale.caf */,
				D683B863136BB03A00E4AB9F /* cat3.caf */,
				D683B864136BB03A00E4AB9F /* cat2.caf */,
				D683B865136BB03A00E4AB9F /* cat.caf */,
				D683B866136BB03A00E4AB9F /* cheetah.caf */,
				D683B867136BB03A00E4AB9F /* cheetah-picture.jpg */,
				D683B868136BB03A00E4AB9F /* black-bear-picture.jpg */,
				D683B869136BB03A00E4AB9F /* lion.caf */,
				D683B86A136BB03A00E4AB9F /* lioncub.caf */,
				D683B86B136BB03A00E4AB9F /* zebra.caf */,
				D683B86C136BB03A00E4AB9F /* launch.png */,
				D683B86D136BB03A00E4AB9F /* icon.png */,
				D683B8D9136BC60200E4AB9F /* dolphin.caf */,
				D683B86E136BB03A00E4AB9F /* icon-iphone4.png */,
				D683B86F136BB03A00E4AB9F /* zebra-picture.jpg */,
				D683B870136BB03A00E4AB9F /* whale-picture.jpg */,
				D683B871136BB03A00E4AB9F /* tiger-picture.jpg */,
				D683B872136BB03A00E4AB9F /* wolf-picture.jpg */,
				D683B873136BB03A00E4AB9F /* seal-picture.jpg */,
				D683B874136BB03A00E4AB9F /* sea-lion-picture.jpg */,
				D683B875136BB03A00E4AB9F /* rabbit-picture.jpg */,
				D683B876136BB03A00E4AB9F /* meerkat-picture.jpg */,
				D683B877136BB03A00E4AB9F /* polar-bear-picture.jpg */,
				D683B878136BB03A00E4AB9F /* otter-picture.jpg */,
				D683B879136BB03A00E4AB9F /* mountain-goat-picture.jpg */,
				D683B87A136BB03A00E4AB9F /* monkey-picture.jpg */,
				D683B87B136BB03A00E4AB9F /* lion-picture.jpg */,
				D683B87C136BB03A00E4AB9F /* gorilla-picture.jpg */,
				D683B87D136BB03A00E4AB9F /* jaguar-picture.jpg */,
				D683B87E136BB03A00E4AB9F /* horse-picture.jpg */,
				D683B87F136BB03A00E4AB9F /* giraffe-picture.jpg */,
				D683B880136BB03A00E4AB9F /* giant-panda-picture.jpg */,
				D683B881136BB03A00E4AB9F /* fox-picture.jpg */,
				D683B882136BB03A00E4AB9F /* elephant-picture.jpg */,
				D683B883136BB03A00E4AB9F /* dolphin-picture.jpg */,
				D683B884136BB03A00E4AB9F /* deer-picture.jpg */,
				D683B885136BB03A00E4AB9F /* coyote-picture.jpg */,
				D683B886136BB03A00E4AB9F /* bobcat-picture.jpg */,
				D683B887136BB03A00E4AB9F /* african-buffalo-picture.jpg */,
				D683B888136BB03A00E4AB9F /* cougar-picture.jpg */,
				D683B889136BB03A00E4AB9F /* imgLink */,
				D683B88A136BB03A00E4AB9F /* cat.jpg */,
				D683B88B136BB03A00E4AB9F /* dog.jpg */,
				D683B88C136BB03A00E4AB9F /* cub.jpg */,
				D683B84C136BAC4300E4AB9F /* elephant.caf */,
				D67FCC12136A0E0C007EFE54 /* choosePhoto.png */,
				D685FF351368AF92001FCA98 /* Resources */,
				D685FF091368AB88001FCA98 /* MySoundImage-Info.plist */,
				D685FF0A1368AB88001FCA98 /* InfoPlist.strings */,
				D685FF0D1368AB88001FCA98 /* MySoundImage-Prefix.pch */,
				D685FF0E1368AB88001FCA98 /* main.m */,
			);
			name = "Supporting Files";
			sourceTree = "<group>";
		};
		D685FF281368AB98001FCA98 /* iPad */ = {
			isa = PBXGroup;
			children = (
				D685FF291368AB9A001FCA98 /* MainWindow-iPad.xib */,
			);
			name = iPad;
			sourceTree = "<group>";
		};
		D685FF321368AC8F001FCA98 /* Data and Model */ = {
			isa = PBXGroup;
			children = (
				D685FF131368AB88001FCA98 /* MySoundImage.xcdatamodeld */,
				D685FF2F1368AC86001FCA98 /* SoundImage.h */,
				D685FF301368AC86001FCA98 /* SoundImage.m */,
				D685FF2C1368AC6D001FCA98 /* Category.h */,
				D685FF2D1368AC6D001FCA98 /* Category.m */,
			);
			name = "Data and Model";
			sourceTree = "<group>";
		};
		D685FF331368AF4F001FCA98 /* MainViews */ = {
			isa = PBXGroup;
			children = (
				D685FF191368AB88001FCA98 /* MainViewController.h */,
				D685FF1A1368AB88001FCA98 /* MainViewController.m */,
				D685FF1C1368AB88001FCA98 /* MainView.xib */,
			);
			name = MainViews;
			sourceTree = "<group>";
		};
		D685FF341368AF76001FCA98 /* MainWindows */ = {
			isa = PBXGroup;
			children = (
				D685FF101368AB88001FCA98 /* MySoundImageAppDelegate.h */,
				D685FF111368AB88001FCA98 /* MySoundImageAppDelegate.m */,
				D685FF161368AB88001FCA98 /* MainWindow.xib */,
			);
			name = MainWindows;
			sourceTree = "<group>";
		};
		D685FF351368AF92001FCA98 /* Resources */ = {
			isa = PBXGroup;
			children = (
			);
			name = Resources;
			sourceTree = "<group>";
		};
/* End PBXGroup section */

/* Begin PBXNativeTarget section */
		D685FEFA1368AB88001FCA98 /* MySoundImage */ = {
			isa = PBXNativeTarget;
			buildConfigurationList = D685FF251368AB88001FCA98 /* Build configuration list for PBXNativeTarget "MySoundImage" */;
			buildPhases = (
				D685FEF71368AB88001FCA98 /* Sources */,
				D685FEF81368AB88001FCA98 /* Frameworks */,
				D685FEF91368AB88001FCA98 /* Resources */,
			);
			buildRules = (
			);
			dependencies = (
			);
			name = MySoundImage;
			productName = MySoundImage;
			productReference = D685FEFB1368AB88001FCA98 /* MySoundImage.app */;
			productType = "com.apple.product-type.application";
		};
/* End PBXNativeTarget section */

/* Begin PBXProject section */
		D685FEF21368AB88001FCA98 /* Project object */ = {
			isa = PBXProject;
			attributes = {
				ORGANIZATIONNAME = "Harvard University Extension School";
			};
			buildConfigurationList = D685FEF51368AB88001FCA98 /* Build configuration list for PBXProject "MySoundImage" */;
			compatibilityVersion = "Xcode 3.2";
			developmentRegion = English;
			hasScannedForEncodings = 0;
			knownRegions = (
				en,
			);
			mainGroup = D685FEF01368AB88001FCA98;
			productRefGroup = D685FEFC1368AB88001FCA98 /* Products */;
			projectDirPath = "";
			projectRoot = "";
			targets = (
				D685FEFA1368AB88001FCA98 /* MySoundImage */,
			);
		};
/* End PBXProject section */

/* Begin PBXResourcesBuildPhase section */
		D685FEF91368AB88001FCA98 /* Resources */ = {
			isa = PBXResourcesBuildPhase;
			buildActionMask = 2147483647;
			files = (
				D685FF0C1368AB88001FCA98 /* InfoPlist.strings in Resources */,
				D685FF181368AB88001FCA98 /* MainWindow.xib in Resources */,
				D685FF1D1368AB88001FCA98 /* MainView.xib in Resources */,
				D685FF2B1368AB9A001FCA98 /* MainWindow-iPad.xib in Resources */,
				D67FCB801368F447007EFE54 /* FlipsideView.xib in Resources */,
				D67FCC061369DD18007EFE54 /* DetailView.xib in Resources */,
				D67FCC091369F526007EFE54 /* EditingView.xib in Resources */,
				D67FCC13136A0E0D007EFE54 /* choosePhoto.png in Resources */,
				D67FCC18136A0E64007EFE54 /* PhotoViewController.xib in Resources */,
				D6FF05EF136B3A380083C324 /* FlipsideNavView.xib in Resources */,
				D683B84D136BAC4300E4AB9F /* elephant.caf in Resources */,
				D683B88D136BB03A00E4AB9F /* wolf.caf in Resources */,
				D683B88E136BB03A00E4AB9F /* seal.caf in Resources */,
				D683B88F136BB03A00E4AB9F /* horse.caf in Resources */,
				D683B890136BB03A00E4AB9F /* gorilla.caf in Resources */,
				D683B891136BB03A00E4AB9F /* panda.caf in Resources */,
				D683B892136BB03A00E4AB9F /* deer.caf in Resources */,
				D683B893136BB03A00E4AB9F /* goat.caf in Resources */,
				D683B894136BB03A00E4AB9F /* fox.caf in Resources */,
				D683B895136BB03A00E4AB9F /* tiger.caf in Resources */,
				D683B896136BB03A00E4AB9F /* dog.caf in Resources */,
				D683B897136BB03A00E4AB9F /* sealion.caf in Resources */,
				D683B898136BB03A00E4AB9F /* buffalo.caf in Resources */,
				D683B899136BB03A00E4AB9F /* bobcat.caf in Resources */,
				D683B89A136BB03A00E4AB9F /* coyote.caf in Resources */,
				D683B89B136BB03A00E4AB9F /* monkey.caf in Resources */,
				D683B89C136BB03A00E4AB9F /* cougar.caf in Resources */,
				D683B89D136BB03A00E4AB9F /* jaquar.caf in Resources */,
				D683B89E136BB03A00E4AB9F /* whale.caf in Resources */,
				D683B89F136BB03A00E4AB9F /* cat3.caf in Resources */,
				D683B8A0136BB03A00E4AB9F /* cat2.caf in Resources */,
				D683B8A1136BB03A00E4AB9F /* cat.caf in Resources */,
				D683B8A2136BB03A00E4AB9F /* cheetah.caf in Resources */,
				D683B8A3136BB03A00E4AB9F /* cheetah-picture.jpg in Resources */,
				D683B8A4136BB03A00E4AB9F /* black-bear-picture.jpg in Resources */,
				D683B8A5136BB03A00E4AB9F /* lion.caf in Resources */,
				D683B8A6136BB03A00E4AB9F /* lioncub.caf in Resources */,
				D683B8A7136BB03A00E4AB9F /* zebra.caf in Resources */,
				D683B8A8136BB03A00E4AB9F /* launch.png in Resources */,
				D683B8A9136BB03A00E4AB9F /* icon.png in Resources */,
				D683B8AA136BB03A00E4AB9F /* icon-iphone4.png in Resources */,
				D683B8AB136BB03A00E4AB9F /* zebra-picture.jpg in Resources */,
				D683B8AC136BB03A00E4AB9F /* whale-picture.jpg in Resources */,
				D683B8AD136BB03A00E4AB9F /* tiger-picture.jpg in Resources */,
				D683B8AE136BB03A00E4AB9F /* wolf-picture.jpg in Resources */,
				D683B8AF136BB03A00E4AB9F /* seal-picture.jpg in Resources */,
				D683B8B0136BB03A00E4AB9F /* sea-lion-picture.jpg in Resources */,
				D683B8B1136BB03A00E4AB9F /* rabbit-picture.jpg in Resources */,
				D683B8B2136BB03A00E4AB9F /* meerkat-picture.jpg in Resources */,
				D683B8B3136BB03A00E4AB9F /* polar-bear-picture.jpg in Resources */,
				D683B8B4136BB03A00E4AB9F /* otter-picture.jpg in Resources */,
				D683B8B5136BB03A00E4AB9F /* mountain-goat-picture.jpg in Resources */,
				D683B8B6136BB03A00E4AB9F /* monkey-picture.jpg in Resources */,
				D683B8B7136BB03A00E4AB9F /* lion-picture.jpg in Resources */,
				D683B8B8136BB03A00E4AB9F /* gorilla-picture.jpg in Resources */,
				D683B8B9136BB03A00E4AB9F /* jaguar-picture.jpg in Resources */,
				D683B8BA136BB03A00E4AB9F /* horse-picture.jpg in Resources */,
				D683B8BB136BB03A00E4AB9F /* giraffe-picture.jpg in Resources */,
				D683B8BC136BB03A00E4AB9F /* giant-panda-picture.jpg in Resources */,
				D683B8BD136BB03A00E4AB9F /* fox-picture.jpg in Resources */,
				D683B8BE136BB03A00E4AB9F /* elephant-picture.jpg in Resources */,
				D683B8BF136BB03A00E4AB9F /* dolphin-picture.jpg in Resources */,
				D683B8C0136BB03A00E4AB9F /* deer-picture.jpg in Resources */,
				D683B8C1136BB03A00E4AB9F /* coyote-picture.jpg in Resources */,
				D683B8C2136BB03A00E4AB9F /* bobcat-picture.jpg in Resources */,
				D683B8C3136BB03A00E4AB9F /* african-buffalo-picture.jpg in Resources */,
				D683B8C4136BB03A00E4AB9F /* cougar-picture.jpg in Resources */,
				D683B8C5136BB03A00E4AB9F /* imgLink in Resources */,
				D683B8C6136BB03A00E4AB9F /* cat.jpg in Resources */,
				D683B8C7136BB03A00E4AB9F /* dog.jpg in Resources */,
				D683B8C8136BB03A00E4AB9F /* cub.jpg in Resources */,
				D683B8CA136BB09D00E4AB9F /* icon.png in Resources */,
				D683B8CC136BB10600E4AB9F /* icon-iphone4.png in Resources */,
				D683B8CE136BB23A00E4AB9F /* soundImageIcon-iphone-57x57.png in Resources */,
				D683B8D0136BB25A00E4AB9F /* soundImageIcon-iphone-iphon4.png in Resources */,
				D683B8D2136BB50C00E4AB9F /* Default.png in Resources */,
				D683B8D4136BB5C200E4AB9F /* Default@2x.png in Resources */,
				D683B8D8136BC55300E4AB9F /* bear.caf in Resources */,
				D683B8DA136BC60200E4AB9F /* dolphin.caf in Resources */,
				D683B8DC136BCAB300E4AB9F /* MySoundImage.sqlite in Resources */,
			);
			runOnlyForDeploymentPostprocessing = 0;
		};
/* End PBXResourcesBuildPhase section */

/* Begin PBXSourcesBuildPhase section */
		D685FEF71368AB88001FCA98 /* Sources */ = {
			isa = PBXSourcesBuildPhase;
			buildActionMask = 2147483647;
			files = (
				D685FF0F1368AB88001FCA98 /* main.m in Sources */,
				D685FF121368AB88001FCA98 /* MySoundImageAppDelegate.m in Sources */,
				D685FF151368AB88001FCA98 /* MySoundImage.xcdatamodeld in Sources */,
				D685FF1B1368AB88001FCA98 /* MainViewController.m in Sources */,
				D685FF201368AB88001FCA98 /* FlipsideViewController.m in Sources */,
				D685FF2E1368AC6D001FCA98 /* Category.m in Sources */,
				D685FF311368AC86001FCA98 /* SoundImage.m in Sources */,
				D67FCB841368FFE5007EFE54 /* DetailViewController.m in Sources */,
				D67FCB891369011D007EFE54 /* AddViewController.m in Sources */,
				D67FCB8D13690163007EFE54 /* EditingViewController.m in Sources */,
				D67FCC17136A0E64007EFE54 /* PhotoViewController.m in Sources */,
				D6FF05EE136B3A380083C324 /* FlipsideNavViewController.m in Sources */,
			);
			runOnlyForDeploymentPostprocessing = 0;
		};
/* End PBXSourcesBuildPhase section */

/* Begin PBXVariantGroup section */
		D685FF0A1368AB88001FCA98 /* InfoPlist.strings */ = {
			isa = PBXVariantGroup;
			children = (
				D685FF0B1368AB88001FCA98 /* en */,
			);
			name = InfoPlist.strings;
			sourceTree = "<group>";
		};
		D685FF161368AB88001FCA98 /* MainWindow.xib */ = {
			isa = PBXVariantGroup;
			children = (
				D685FF171368AB88001FCA98 /* en */,
			);
			name = MainWindow.xib;
			sourceTree = "<group>";
		};
		D685FF291368AB9A001FCA98 /* MainWindow-iPad.xib */ = {
			isa = PBXVariantGroup;
			children = (
				D685FF2A1368AB9A001FCA98 /* en */,
			);
			name = "MainWindow-iPad.xib";
			sourceTree = "<group>";
		};
/* End PBXVariantGroup section */

/* Begin XCBuildConfiguration section */
		D685FF231368AB88001FCA98 /* Debug */ = {
			isa = XCBuildConfiguration;
			buildSettings = {
				ARCHS = "$(ARCHS_STANDARD_32_BIT)";
				"CODE_SIGN_IDENTITY[sdk=iphoneos*]" = "iPhone Developer";
				GCC_C_LANGUAGE_STANDARD = gnu99;
				GCC_OPTIMIZATION_LEVEL = 0;
				GCC_PREPROCESSOR_DEFINITIONS = DEBUG;
				GCC_SYMBOLS_PRIVATE_EXTERN = NO;
				GCC_VERSION = com.apple.compilers.llvmgcc42;
				GCC_WARN_ABOUT_RETURN_TYPE = YES;
				GCC_WARN_UNUSED_VARIABLE = YES;
				IPHONEOS_DEPLOYMENT_TARGET = 4.3;
				SDKROOT = iphoneos;
			};
			name = Debug;
		};
		D685FF241368AB88001FCA98 /* Release */ = {
			isa = XCBuildConfiguration;
			buildSettings = {
				ARCHS = "$(ARCHS_STANDARD_32_BIT)";
				"CODE_SIGN_IDENTITY[sdk=iphoneos*]" = "iPhone Developer";
				GCC_C_LANGUAGE_STANDARD = gnu99;
				GCC_VERSION = com.apple.compilers.llvmgcc42;
				GCC_WARN_ABOUT_RETURN_TYPE = YES;
				GCC_WARN_UNUSED_VARIABLE = YES;
				IPHONEOS_DEPLOYMENT_TARGET = 4.3;
				OTHER_CFLAGS = "-DNS_BLOCK_ASSERTIONS=1";
				SDKROOT = iphoneos;
			};
			name = Release;
		};
		D685FF261368AB88001FCA98 /* Debug */ = {
			isa = XCBuildConfiguration;
			buildSettings = {
				ALWAYS_SEARCH_USER_PATHS = NO;
				COPY_PHASE_STRIP = NO;
				GCC_DYNAMIC_NO_PIC = NO;
				GCC_PRECOMPILE_PREFIX_HEADER = YES;
				GCC_PREFIX_HEADER = "MySoundImage/MySoundImage-Prefix.pch";
				INFOPLIST_FILE = "MySoundImage/MySoundImage-Info.plist";
				IPHONEOS_DEPLOYMENT_TARGET = 4.3;
				PRODUCT_NAME = "$(TARGET_NAME)";
				TARGETED_DEVICE_FAMILY = "1,2";
				WRAPPER_EXTENSION = app;
			};
			name = Debug;
		};
		D685FF271368AB88001FCA98 /* Release */ = {
			isa = XCBuildConfiguration;
			buildSettings = {
				ALWAYS_SEARCH_USER_PATHS = NO;
				COPY_PHASE_STRIP = YES;
				GCC_PRECOMPILE_PREFIX_HEADER = YES;
				GCC_PREFIX_HEADER = "MySoundImage/MySoundImage-Prefix.pch";
				INFOPLIST_FILE = "MySoundImage/MySoundImage-Info.plist";
				IPHONEOS_DEPLOYMENT_TARGET = 4.3;
				PRODUCT_NAME = "$(TARGET_NAME)";
				TARGETED_DEVICE_FAMILY = "1,2";
				VALIDATE_PRODUCT = YES;
				WRAPPER_EXTENSION = app;
			};
			name = Release;
		};
/* End XCBuildConfiguration section */

/* Begin XCConfigurationList section */
		D685FEF51368AB88001FCA98 /* Build configuration list for PBXProject "MySoundImage" */ = {
			isa = XCConfigurationList;
			buildConfigurations = (
				D685FF231368AB88001FCA98 /* Debug */,
				D685FF241368AB88001FCA98 /* Release */,
			);
			defaultConfigurationIsVisible = 0;
			defaultConfigurationName = Release;
		};
		D685FF251368AB88001FCA98 /* Build configuration list for PBXNativeTarget "MySoundImage" */ = {
			isa = XCConfigurationList;
			buildConfigurations = (
				D685FF261368AB88001FCA98 /* Debug */,
				D685FF271368AB88001FCA98 /* Release */,
			);
			defaultConfigurationIsVisible = 0;
			defaultConfigurationName = Release;
		};
/* End XCConfigurationList section */

/* Begin XCVersionGroup section */
		D685FF131368AB88001FCA98 /* MySoundImage.xcdatamodeld */ = {
			isa = XCVersionGroup;
			children = (
				D685FF141368AB88001FCA98 /* MySoundImage.xcdatamodel */,
			);
			currentVersion = D685FF141368AB88001FCA98 /* MySoundImage.xcdatamodel */;
			path = MySoundImage.xcdatamodeld;
			sourceTree = "<group>";
			versionGroupType = wrapper.xcdatamodel;
		};
/* End XCVersionGroup section */
	};
	rootObject = D685FEF21368AB88001FCA98 /* Project object */;
}
